
Microsoft Visual Studio Solution File, Format Version 12.00
# Visual Studio Version 17
VisualStudioVersion = 17.0.31912.275
MinimumVisualStudioVersion = 10.0.40219.1
Project("{9A19103F-16F7-4668-BE54-9A1E7A4F7556}") = "MinimalApiDemo.WithControllers", "MinimalApiDemo.WithControllers\MinimalApiDemo.WithControllers.csproj", "{00675E74-3F3D-499F-B632-50E43F94753E}"
EndProject
Project("{9A19103F-16F7-4668-BE54-9A1E7A4F7556}") = "MinimalApiDemo.BackEnd", "MinimalApiDemo.BackEnd\MinimalApiDemo.BackEnd.csproj", "{49AA4C56-5B5A-4FFE-BF72-22E05C73A1ED}"
EndProject
Project("{9A19103F-16F7-4668-BE54-9A1E7A4F7556}") = "MinimalApiDemo.Legacy", "MinimalApiDemo.Legacy\MinimalApiDemo.Legacy.csproj", "{961A0A70-9D47-4510-8593-8F5F3C3171C8}"
EndProject
Project("{FAE04EC0-301F-11D3-BF4B-00C04F79EFBC}") = "ConsoleApp1", "ConsoleApp1\ConsoleApp1.csproj", "{36D0BCD3-E756-4111-A2C1-1EAED9A1A003}"
EndProject
Project("{FAE04EC0-301F-11D3-BF4B-00C04F79EFBC}") = "MinimalApiDemo.Minimal", "MinimalApiDemo.Minimal\MinimalApiDemo.Minimal.csproj", "{B5A9AEED-63E6-4672-823A-E8F8571761BB}"
EndProject
Global
	GlobalSection(SolutionConfigurationPlatforms) = preSolution
		Debug|Any CPU = Debug|Any CPU
		Release|Any CPU = Release|Any CPU
	EndGlobalSection
	GlobalSection(ProjectConfigurationPlatforms) = postSolution
		{00675E74-3F3D-499F-B632-50E43F94753E}.Debug|Any CPU.ActiveCfg = Debug|Any CPU
		{00675E74-3F3D-499F-B632-50E43F94753E}.Debug|Any CPU.Build.0 = Debug|Any CPU
		{00675E74-3F3D-499F-B632-50E43F94753E}.Release|Any CPU.ActiveCfg = Release|Any CPU
		{00675E74-3F3D-499F-B632-50E43F94753E}.Release|Any CPU.Build.0 = Release|Any CPU
		{49AA4C56-5B5A-4FFE-BF72-22E05C73A1ED}.Debug|Any CPU.ActiveCfg = Debug|Any CPU
		{49AA4C56-5B5A-4FFE-BF72-22E05C73A1ED}.Debug|Any CPU.Build.0 = Debug|Any CPU
		{49AA4C56-5B5A-4FFE-BF72-22E05C73A1ED}.Release|Any CPU.ActiveCfg = Release|Any CPU
		{49AA4C56-5B5A-4FFE-BF72-22E05C73A1ED}.Release|Any CPU.Build.0 = Release|Any CPU
		{961A0A70-9D47-4510-8593-8F5F3C3171C8}.Debug|Any CPU.ActiveCfg = Debug|Any CPU
		{961A0A70-9D47-4510-8593-8F5F3C3171C8}.Debug|Any CPU.Build.0 = Debug|Any CPU
		{961A0A70-9D47-4510-8593-8F5F3C3171C8}.Release|Any CPU.ActiveCfg = Release|Any CPU
		{961A0A70-9D47-4510-8593-8F5F3C3171C8}.Release|Any CPU.Build.0 = Release|Any CPU
		{36D0BCD3-E756-4111-A2C1-1EAED9A1A003}.Debug|Any CPU.ActiveCfg = Debug|Any CPU
		{36D0BCD3-E756-4111-A2C1-1EAED9A1A003}.Debug|Any CPU.Build.0 = Debug|Any CPU
		{36D0BCD3-E756-4111-A2C1-1EAED9A1A003}.Release|Any CPU.ActiveCfg = Release|Any CPU
		{36D0BCD3-E756-4111-A2C1-1EAED9A1A003}.Release|Any CPU.Build.0 = Release|Any CPU
		{B5A9AEED-63E6-4672-823A-E8F8571761BB}.Debug|Any CPU.ActiveCfg = Debug|Any CPU
		{B5A9AEED-63E6-4672-823A-E8F8571761BB}.Debug|Any CPU.Build.0 = Debug|Any CPU
		{B5A9AEED-63E6-4672-823A-E8F8571761BB}.Release|Any CPU.ActiveCfg = Release|Any CPU
		{B5A9AEED-63E6-4672-823A-E8F8571761BB}.Release|Any CPU.Build.0 = Release|Any CPU
	EndGlobalSection
	GlobalSection(SolutionProperties) = preSolution
		HideSolutionNode = FALSE
	EndGlobalSection
	GlobalSection(ExtensibilityGlobals) = postSolution
		SolutionGuid = {85D69C4F-DE84-4500-AC13-FC1CDBE9141E}
	EndGlobalSection
EndGlobal
